dependencies:
- name: zipkin
  repository: file://charts/zipkin
  version: 0.1.0
- name: api-gateway
  repository: file://charts/api-gateway
  version: 0.1.0
- name: order-service
  repository: file://charts/order-service
  version: 0.1.0
- name: payment-service
  repository: file://charts/payment-service
  version: 0.1.0
- name: proxy-client
  repository: file://charts/proxy-client
  version: 0.1.0
- name: service-discovery
  repository: file://charts/service-discovery
  version: 0.1.0
- name: shipping-service
  repository: file://charts/shipping-service
  version: 0.1.0
- name: cloud-config
  repository: file://charts/cloud-config
  version: 0.1.0
- name: favourite-service
  repository: file://charts/favourite-service
  version: 0.1.0
- name: product-service
  repository: file://charts/product-service
  version: 0.1.0
- name: user-service
  repository: file://charts/user-service
  version: 0.1.0
digest: sha256:e18ed2abce7d2f9962f81d3095887d0740394f0e09af523ad0796bce0d0c0f71
generated: "2025-11-27T19:10:18.873552398Z"
